
Microsoft Visual Studio Solution File, Format Version 12.00
# Visual Studio Version 16
VisualStudioVersion = 16.0.31005.135
MinimumVisualStudioVersion = 10.0.40219.1
Project("{9A19103F-16F7-4668-BE54-9A1E7A4F7556}") = "01School", "01School\01School.csproj", "{A38F1419-B18F-4976-987D-8E8454B3B01E}"
EndProject
Project("{9A19103F-16F7-4668-BE54-9A1E7A4F7556}") = "02Human", "02Human\02Human.csproj", "{76452620-74BA-4004-9B02-7C241EA6855F}"
EndProject
Project("{9A19103F-16F7-4668-BE54-9A1E7A4F7556}") = "03Students", "03Students\03Students.csproj", "{B890343F-C8C6-43BE-B364-21F5EEA58D03}"
EndProject
Project("{FAE04EC0-301F-11D3-BF4B-00C04F79EFBC}") = "04Workers", "04Workers\04Workers.csproj", "{DF9FFAC5-794A-4D9F-AA73-8344A2424267}"
EndProject
Project("{FAE04EC0-301F-11D3-BF4B-00C04F79EFBC}") = "05Shape", "05Shape\05Shape.csproj", "{719972A2-84BC-4D92-ADB1-F530A23DCCB6}"
EndProject
Project("{FAE04EC0-301F-11D3-BF4B-00C04F79EFBC}") = "06Animals", "06Animals\06Animals.csproj", "{B86D1130-36FD-451A-8A02-ACAE68A8BE08}"
EndProject
Project("{FAE04EC0-301F-11D3-BF4B-00C04F79EFBC}") = "08BankAccounts", "08BankAccounts\08BankAccounts.csproj", "{E8C16CB8-054A-431E-96BA-1ACA9098B673}"
EndProject
Project("{FAE04EC0-301F-11D3-BF4B-00C04F79EFBC}") = "09AbstractFactory", "09AbstractFactory\09AbstractFactory.csproj", "{85D4A65F-1CF2-4FAD-A1CD-E4B5E4E76DB5}"
EndProject
Global
	GlobalSection(SolutionConfigurationPlatforms) = preSolution
		Debug|Any CPU = Debug|Any CPU
		Release|Any CPU = Release|Any CPU
	EndGlobalSection
	GlobalSection(ProjectConfigurationPlatforms) = postSolution
		{A38F1419-B18F-4976-987D-8E8454B3B01E}.Debug|Any CPU.ActiveCfg = Debug|Any CPU
		{A38F1419-B18F-4976-987D-8E8454B3B01E}.Debug|Any CPU.Build.0 = Debug|Any CPU
		{A38F1419-B18F-4976-987D-8E8454B3B01E}.Release|Any CPU.ActiveCfg = Release|Any CPU
		{A38F1419-B18F-4976-987D-8E8454B3B01E}.Release|Any CPU.Build.0 = Release|Any CPU
		{76452620-74BA-4004-9B02-7C241EA6855F}.Debug|Any CPU.ActiveCfg = Debug|Any CPU
		{76452620-74BA-4004-9B02-7C241EA6855F}.Debug|Any CPU.Build.0 = Debug|Any CPU
		{76452620-74BA-4004-9B02-7C241EA6855F}.Release|Any CPU.ActiveCfg = Release|Any CPU
		{76452620-74BA-4004-9B02-7C241EA6855F}.Release|Any CPU.Build.0 = Release|Any CPU
		{B890343F-C8C6-43BE-B364-21F5EEA58D03}.Debug|Any CPU.ActiveCfg = Debug|Any CPU
		{B890343F-C8C6-43BE-B364-21F5EEA58D03}.Debug|Any CPU.Build.0 = Debug|Any CPU
		{B890343F-C8C6-43BE-B364-21F5EEA58D03}.Release|Any CPU.ActiveCfg = Release|Any CPU
		{B890343F-C8C6-43BE-B364-21F5EEA58D03}.Release|Any CPU.Build.0 = Release|Any CPU
		{DF9FFAC5-794A-4D9F-AA73-8344A2424267}.Debug|Any CPU.ActiveCfg = Debug|Any CPU
		{DF9FFAC5-794A-4D9F-AA73-8344A2424267}.Debug|Any CPU.Build.0 = Debug|Any CPU
		{DF9FFAC5-794A-4D9F-AA73-8344A2424267}.Release|Any CPU.ActiveCfg = Release|Any CPU
		{DF9FFAC5-794A-4D9F-AA73-8344A2424267}.Release|Any CPU.Build.0 = Release|Any CPU
		{719972A2-84BC-4D92-ADB1-F530A23DCCB6}.Debug|Any CPU.ActiveCfg = Debug|Any CPU
		{719972A2-84BC-4D92-ADB1-F530A23DCCB6}.Debug|Any CPU.Build.0 = Debug|Any CPU
		{719972A2-84BC-4D92-ADB1-F530A23DCCB6}.Release|Any CPU.ActiveCfg = Release|Any CPU
		{719972A2-84BC-4D92-ADB1-F530A23DCCB6}.Release|Any CPU.Build.0 = Release|Any CPU
		{B86D1130-36FD-451A-8A02-ACAE68A8BE08}.Debug|Any CPU.ActiveCfg = Debug|Any CPU
		{B86D1130-36FD-451A-8A02-ACAE68A8BE08}.Debug|Any CPU.Build.0 = Debug|Any CPU
		{B86D1130-36FD-451A-8A02-ACAE68A8BE08}.Release|Any CPU.ActiveCfg = Release|Any CPU
		{B86D1130-36FD-451A-8A02-ACAE68A8BE08}.Release|Any CPU.Build.0 = Release|Any CPU
		{E8C16CB8-054A-431E-96BA-1ACA9098B673}.Debug|Any CPU.ActiveCfg = Debug|Any CPU
		{E8C16CB8-054A-431E-96BA-1ACA9098B673}.Debug|Any CPU.Build.0 = Debug|Any CPU
		{E8C16CB8-054A-431E-96BA-1ACA9098B673}.Release|Any CPU.ActiveCfg = Release|Any CPU
		{E8C16CB8-054A-431E-96BA-1ACA9098B673}.Release|Any CPU.Build.0 = Release|Any CPU
		{85D4A65F-1CF2-4FAD-A1CD-E4B5E4E76DB5}.Debug|Any CPU.ActiveCfg = Debug|Any CPU
		{85D4A65F-1CF2-4FAD-A1CD-E4B5E4E76DB5}.Debug|Any CPU.Build.0 = Debug|Any CPU
		{85D4A65F-1CF2-4FAD-A1CD-E4B5E4E76DB5}.Release|Any CPU.ActiveCfg = Release|Any CPU
		{85D4A65F-1CF2-4FAD-A1CD-E4B5E4E76DB5}.Release|Any CPU.Build.0 = Release|Any CPU
	EndGlobalSection
	GlobalSection(SolutionProperties) = preSolution
		HideSolutionNode = FALSE
	EndGlobalSection
	GlobalSection(ExtensibilityGlobals) = postSolution
		SolutionGuid = {2909C937-BF20-4D2C-AFB4-C0E4BDF0F86C}
	EndGlobalSection
EndGlobal
